
Microsoft Visual Studio Solution File, Format Version 12.00
# Visual Studio 15
VisualStudioVersion = 15.0.27130.2036
MinimumVisualStudioVersion = 10.0.40219.1
Project("{FAE04EC0-301F-11D3-BF4B-00C04F79EFBC}") = "Web", "Umbraco Learning\Web.csproj", "{F881FD6F-F18C-492A-A204-AFCBF0B5CA91}"
EndProject
Project("{FAE04EC0-301F-11D3-BF4B-00C04F79EFBC}") = "UnitTests", "UnitTests\UnitTests.csproj", "{ECAB640C-A097-40EF-8629-E8EF90F0D1C8}"
EndProject
Project("{FAE04EC0-301F-11D3-BF4B-00C04F79EFBC}") = "Repository", "Repository\Repository.csproj", "{D36CD510-0E96-47C9-953C-FE848F0355EE}"
EndProject
Project("{FAE04EC0-301F-11D3-BF4B-00C04F79EFBC}") = "RepositoryContracts", "Contracts\RepositoryContracts.csproj", "{2E8B9FD6-D8C7-4133-AF6A-57194DDBB930}"
EndProject
Project("{FAE04EC0-301F-11D3-BF4B-00C04F79EFBC}") = "Entities", "Entities\Entities.csproj", "{5286D4FD-0291-49F6-8628-F8E38CF72BBF}"
EndProject
Project("{FAE04EC0-301F-11D3-BF4B-00C04F79EFBC}") = "ProductApp.Web", "ProductApp.Web\ProductApp.Web.csproj", "{DA9496C7-DE9C-484A-9E4B-16FE8FB79694}"
EndProject
Project("{FAE04EC0-301F-11D3-BF4B-00C04F79EFBC}") = "Services", "Services\Services.csproj", "{5060748F-0E83-4280-862B-69C405D4DC83}"
EndProject
Global
	GlobalSection(SolutionConfigurationPlatforms) = preSolution
		Debug|Any CPU = Debug|Any CPU
		Release|Any CPU = Release|Any CPU
	EndGlobalSection
	GlobalSection(ProjectConfigurationPlatforms) = postSolution
		{F881FD6F-F18C-492A-A204-AFCBF0B5CA91}.Debug|Any CPU.ActiveCfg = Debug|Any CPU
		{F881FD6F-F18C-492A-A204-AFCBF0B5CA91}.Debug|Any CPU.Build.0 = Debug|Any CPU
		{F881FD6F-F18C-492A-A204-AFCBF0B5CA91}.Release|Any CPU.ActiveCfg = Release|Any CPU
		{F881FD6F-F18C-492A-A204-AFCBF0B5CA91}.Release|Any CPU.Build.0 = Release|Any CPU
		{ECAB640C-A097-40EF-8629-E8EF90F0D1C8}.Debug|Any CPU.ActiveCfg = Debug|Any CPU
		{ECAB640C-A097-40EF-8629-E8EF90F0D1C8}.Debug|Any CPU.Build.0 = Debug|Any CPU
		{ECAB640C-A097-40EF-8629-E8EF90F0D1C8}.Release|Any CPU.ActiveCfg = Release|Any CPU
		{ECAB640C-A097-40EF-8629-E8EF90F0D1C8}.Release|Any CPU.Build.0 = Release|Any CPU
		{D36CD510-0E96-47C9-953C-FE848F0355EE}.Debug|Any CPU.ActiveCfg = Debug|Any CPU
		{D36CD510-0E96-47C9-953C-FE848F0355EE}.Debug|Any CPU.Build.0 = Debug|Any CPU
		{D36CD510-0E96-47C9-953C-FE848F0355EE}.Release|Any CPU.ActiveCfg = Release|Any CPU
		{D36CD510-0E96-47C9-953C-FE848F0355EE}.Release|Any CPU.Build.0 = Release|Any CPU
		{2E8B9FD6-D8C7-4133-AF6A-57194DDBB930}.Debug|Any CPU.ActiveCfg = Debug|Any CPU
		{2E8B9FD6-D8C7-4133-AF6A-57194DDBB930}.Debug|Any CPU.Build.0 = Debug|Any CPU
		{2E8B9FD6-D8C7-4133-AF6A-57194DDBB930}.Release|Any CPU.ActiveCfg = Release|Any CPU
		{2E8B9FD6-D8C7-4133-AF6A-57194DDBB930}.Release|Any CPU.Build.0 = Release|Any CPU
		{5286D4FD-0291-49F6-8628-F8E38CF72BBF}.Debug|Any CPU.ActiveCfg = Debug|Any CPU
		{5286D4FD-0291-49F6-8628-F8E38CF72BBF}.Debug|Any CPU.Build.0 = Debug|Any CPU
		{5286D4FD-0291-49F6-8628-F8E38CF72BBF}.Release|Any CPU.ActiveCfg = Release|Any CPU
		{5286D4FD-0291-49F6-8628-F8E38CF72BBF}.Release|Any CPU.Build.0 = Release|Any CPU
		{DA9496C7-DE9C-484A-9E4B-16FE8FB79694}.Debug|Any CPU.ActiveCfg = Debug|Any CPU
		{DA9496C7-DE9C-484A-9E4B-16FE8FB79694}.Debug|Any CPU.Build.0 = Debug|Any CPU
		{DA9496C7-DE9C-484A-9E4B-16FE8FB79694}.Release|Any CPU.ActiveCfg = Release|Any CPU
		{DA9496C7-DE9C-484A-9E4B-16FE8FB79694}.Release|Any CPU.Build.0 = Release|Any CPU
		{5060748F-0E83-4280-862B-69C405D4DC83}.Debug|Any CPU.ActiveCfg = Debug|Any CPU
		{5060748F-0E83-4280-862B-69C405D4DC83}.Debug|Any CPU.Build.0 = Debug|Any CPU
		{5060748F-0E83-4280-862B-69C405D4DC83}.Release|Any CPU.ActiveCfg = Release|Any CPU
		{5060748F-0E83-4280-862B-69C405D4DC83}.Release|Any CPU.Build.0 = Release|Any CPU
	EndGlobalSection
	GlobalSection(SolutionProperties) = preSolution
		HideSolutionNode = FALSE
	EndGlobalSection
	GlobalSection(ExtensibilityGlobals) = postSolution
		SolutionGuid = {F73A9BBC-427A-4830-91D5-44D88A447A0E}
	EndGlobalSection
EndGlobal
