
Microsoft Visual Studio Solution File, Format Version 12.00
# Visual Studio Express 14 for Web
VisualStudioVersion = 14.0.25420.1
MinimumVisualStudioVersion = 10.0.40219.1
Project("{FAE04EC0-301F-11D3-BF4B-00C04F79EFBC}") = "UmbracoLearning", "Umbraco Learning\UmbracoLearning.csproj", "{F881FD6F-F18C-492A-A204-AFCBF0B5CA91}"
EndProject
Global
	GlobalSection(SolutionConfigurationPlatforms) = preSolution
		Debug|Any CPU = Debug|Any CPU
		Release|Any CPU = Release|Any CPU
	EndGlobalSection
	GlobalSection(ProjectConfigurationPlatforms) = postSolution
		{F881FD6F-F18C-492A-A204-AFCBF0B5CA91}.Debug|Any CPU.ActiveCfg = Debug|Any CPU
		{F881FD6F-F18C-492A-A204-AFCBF0B5CA91}.Debug|Any CPU.Build.0 = Debug|Any CPU
		{F881FD6F-F18C-492A-A204-AFCBF0B5CA91}.Release|Any CPU.ActiveCfg = Release|Any CPU
		{F881FD6F-F18C-492A-A204-AFCBF0B5CA91}.Release|Any CPU.Build.0 = Release|Any CPU
	EndGlobalSection
	GlobalSection(SolutionProperties) = preSolution
		HideSolutionNode = FALSE
	EndGlobalSection
	GlobalSection(ExtensibilityGlobals) = postSolution
		SolutionGuid = {F73A9BBC-427A-4830-91D5-44D88A447A0E}
	EndGlobalSection
EndGlobal
